
Microsoft Visual Studio Solution File, Format Version 12.00
# Visual Studio Version 17
VisualStudioVersion = 17.4.33205.214
MinimumVisualStudioVersion = 10.0.40219.1
Project("{FAE04EC0-301F-11D3-BF4B-00C04F79EFBC}") = "excecoesEcolecoes", "excecoesEcolecoes\excecoesEcolecoes.csproj", "{4473CFEE-64C1-4585-9119-585214666149}"
EndProject
Global
	GlobalSection(SolutionConfigurationPlatforms) = preSolution
		Debug|Any CPU = Debug|Any CPU
		Release|Any CPU = Release|Any CPU
	EndGlobalSection
	GlobalSection(ProjectConfigurationPlatforms) = postSolution
		{4473CFEE-64C1-4585-9119-585214666149}.Debug|Any CPU.ActiveCfg = Debug|Any CPU
		{4473CFEE-64C1-4585-9119-585214666149}.Debug|Any CPU.Build.0 = Debug|Any CPU
		{4473CFEE-64C1-4585-9119-585214666149}.Release|Any CPU.ActiveCfg = Release|Any CPU
		{4473CFEE-64C1-4585-9119-585214666149}.Release|Any CPU.Build.0 = Release|Any CPU
	EndGlobalSection
	GlobalSection(SolutionProperties) = preSolution
		HideSolutionNode = FALSE
	EndGlobalSection
	GlobalSection(ExtensibilityGlobals) = postSolution
		SolutionGuid = {B995685A-3AD8-4AE4-8C19-B37F9A8F5C10}
	EndGlobalSection
EndGlobal
